- type: entity
  parent: BaseItem
  id: GavelBlock
  name: "блок молотка"
  description: "Брус з твердої деревини, який при ударі молотком випромінює ауру влади."
  components:
    - type: Sprite
      sprite: DeltaV/Objects/Specific/Justice/gavelblock.rsi
      layers:
        - state: icon
    - type: Item
      size: Small
    - type: Clickable
    - type: EmitSoundOnInteractUsing
      sound:
        path: /Audio/DeltaV/Items/gavel.ogg
      whitelist:
        tags:
          - Gavel
